
Microsoft Visual Studio Solution File, Format Version 12.00
# Visual Studio Version 16
VisualStudioVersion = 16.0.30711.63
MinimumVisualStudioVersion = 10.0.40219.1
Project("{9A19103F-16F7-4668-BE54-9A1E7A4F7556}") = "ApplicationCore", "ApplicationCore\ApplicationCore.csproj", "{0833CD93-E830-48A6-8786-C52BC1769B02}"
EndProject
Project("{9A19103F-16F7-4668-BE54-9A1E7A4F7556}") = "Infrastructure", "Infrastructure\Infrastructure.csproj", "{EF7ADE05-AD74-48CA-9858-5C7AB870807B}"
EndProject
Project("{9A19103F-16F7-4668-BE54-9A1E7A4F7556}") = "Web", "Web\Web.csproj", "{6F72392A-CF2B-4783-99A5-CACCF5387BAA}"
EndProject
Project("{9A19103F-16F7-4668-BE54-9A1E7A4F7556}") = "PublicAPI", "PublicAPI\PublicAPI.csproj", "{0BCF9704-BC36-416E-9790-A4FA0E98B278}"
EndProject
Project("{FAE04EC0-301F-11D3-BF4B-00C04F79EFBC}") = "Tests", "Tests\Tests.csproj", "{AF721FC0-2E4F-486D-BBBA-4EEAD53FD884}"
EndProject
Global
	GlobalSection(SolutionConfigurationPlatforms) = preSolution
		Debug|Any CPU = Debug|Any CPU
		Release|Any CPU = Release|Any CPU
	EndGlobalSection
	GlobalSection(ProjectConfigurationPlatforms) = postSolution
		{0833CD93-E830-48A6-8786-C52BC1769B02}.Debug|Any CPU.ActiveCfg = Debug|Any CPU
		{0833CD93-E830-48A6-8786-C52BC1769B02}.Debug|Any CPU.Build.0 = Debug|Any CPU
		{0833CD93-E830-48A6-8786-C52BC1769B02}.Release|Any CPU.ActiveCfg = Release|Any CPU
		{0833CD93-E830-48A6-8786-C52BC1769B02}.Release|Any CPU.Build.0 = Release|Any CPU
		{EF7ADE05-AD74-48CA-9858-5C7AB870807B}.Debug|Any CPU.ActiveCfg = Debug|Any CPU
		{EF7ADE05-AD74-48CA-9858-5C7AB870807B}.Debug|Any CPU.Build.0 = Debug|Any CPU
		{EF7ADE05-AD74-48CA-9858-5C7AB870807B}.Release|Any CPU.ActiveCfg = Release|Any CPU
		{EF7ADE05-AD74-48CA-9858-5C7AB870807B}.Release|Any CPU.Build.0 = Release|Any CPU
		{6F72392A-CF2B-4783-99A5-CACCF5387BAA}.Debug|Any CPU.ActiveCfg = Debug|Any CPU
		{6F72392A-CF2B-4783-99A5-CACCF5387BAA}.Debug|Any CPU.Build.0 = Debug|Any CPU
		{6F72392A-CF2B-4783-99A5-CACCF5387BAA}.Release|Any CPU.ActiveCfg = Release|Any CPU
		{6F72392A-CF2B-4783-99A5-CACCF5387BAA}.Release|Any CPU.Build.0 = Release|Any CPU
		{0BCF9704-BC36-416E-9790-A4FA0E98B278}.Debug|Any CPU.ActiveCfg = Debug|Any CPU
		{0BCF9704-BC36-416E-9790-A4FA0E98B278}.Debug|Any CPU.Build.0 = Debug|Any CPU
		{0BCF9704-BC36-416E-9790-A4FA0E98B278}.Release|Any CPU.ActiveCfg = Release|Any CPU
		{0BCF9704-BC36-416E-9790-A4FA0E98B278}.Release|Any CPU.Build.0 = Release|Any CPU
		{AF721FC0-2E4F-486D-BBBA-4EEAD53FD884}.Debug|Any CPU.ActiveCfg = Debug|Any CPU
		{AF721FC0-2E4F-486D-BBBA-4EEAD53FD884}.Debug|Any CPU.Build.0 = Debug|Any CPU
		{AF721FC0-2E4F-486D-BBBA-4EEAD53FD884}.Release|Any CPU.ActiveCfg = Release|Any CPU
		{AF721FC0-2E4F-486D-BBBA-4EEAD53FD884}.Release|Any CPU.Build.0 = Release|Any CPU
	EndGlobalSection
	GlobalSection(SolutionProperties) = preSolution
		HideSolutionNode = FALSE
	EndGlobalSection
	GlobalSection(ExtensibilityGlobals) = postSolution
		SolutionGuid = {F0151F63-5398-4E83-8BB2-5B58C94BAD92}
	EndGlobalSection
EndGlobal
